# THIS IS AN AUTOGENERATED FILE. DO NOT EDIT THIS FILE DIRECTLY.
# yarn lockfile v1


express-validator@^6.12.0:
  version "6.12.0"
  resolved "https://registry.nlark.com/express-validator/download/express-validator-6.12.0.tgz#a9cd49b3fe4c470abb615ae2e7dd111053c25f66"
  integrity sha1-qc1Js/5MRwq7YVri590REFPCX2Y=
  dependencies:
    lodash "^4.17.21"
    validator "^13.5.2"

lodash@^4.17.21:
  version "4.17.21"
  resolved "https://registry.nlark.com/lodash/download/lodash-4.17.21.tgz?cache=0&sync_timestamp=1622685830565&other_urls=https%3A%2F%2Fregistry.nlark.com%2Flodash%2Fdownload%2Flodash-4.17.21.tgz#679591c564c3bffaae8454cf0b3df370c3d6911c"
  integrity sha1-Z5WRxWTDv/quhFTPCz3zcMPWkRw=

validator@^13.5.2:
  version "13.6.0"
  resolved "https://registry.nlark.com/validator/download/validator-13.6.0.tgz#1e71899c14cdc7b2068463cb24c1cc16f6ec7059"
  integrity sha1-HnGJnBTNx7IGhGPLJMHMFvbscFk=
